PODS:
  - DMTools (0.5.0)
  - Nimble (7.3.1)
  - Quick (1.3.2)

DEPENDENCIES:
  - DMTools (from `../`)
  - Nimble
  - Quick

SPEC REPOS:
  https://github.com/cocoapods/specs.git:
    - Nimble
    - Quick

EXTERNAL SOURCES:
  DMTools:
    :path: "../"

SPEC CHECKSUMS:
  DMTools: 318195cd0f62d65efa2d5b8c587333a15bcc6b5c
  Nimble: 04f732da099ea4d153122aec8c2a88fd0c7219ae
  Quick: 2623cb30d7a7f41ca62f684f679586558f483d46

PODFILE CHECKSUM: 465161f38ab50789837f3e2536c4eb387db822b1

COCOAPODS: 1.5.3
