PODS:
  - DMTools (0.1.10)
  - Nimble (5.1.1)
  - Quick (1.0.0)

DEPENDENCIES:
  - DMTools (from `../`)
  - Nimble (from `git@github.com:Quick/Nimble.git`)
  - Quick (from `git@github.com:Quick/Quick.git`)

EXTERNAL SOURCES:
  DMTools:
    :path: "../"
  Nimble:
    :git: git@github.com:Quick/Nimble.git
  Quick:
    :git: git@github.com:Quick/Quick.git

CHECKOUT OPTIONS:
  Nimble:
    :commit: 0594748e7986c405ca30282dcca7bb7af1d80fa8
    :git: git@github.com:Quick/Nimble.git
  Quick:
    :commit: 0fdf273c7c1463a5f25c3942587452b1e892918c
    :git: git@github.com:Quick/Quick.git

SPEC CHECKSUMS:
  DMTools: 77d8cd831107bbefff8aaba6587e1a8b8f8b143c
  Nimble: 5a51a91865b6f7ce1849fbe18ff13148046c585e
  Quick: 8024e4a47e6cc03a9d5245ef0948264fc6d27cff

PODFILE CHECKSUM: eda2d8c2661ca0d552da92d0d39162e666f87012

COCOAPODS: 1.1.1
